
Microsoft Visual Studio Solution File, Format Version 12.00
# Visual Studio Version 16
VisualStudioVersion = 16.0.29306.81
MinimumVisualStudioVersion = 10.0.40219.1
Project("{FAE04EC0-301F-11D3-BF4B-00C04F79EFBC}") = "WpfApp11", "WpfApp11\WpfApp11.csproj", "{C034D515-28F6-4CB3-BC87-544F8471F77D}"
EndProject
Global
	GlobalSection(SolutionConfigurationPlatforms) = preSolution
		Debug|Any CPU = Debug|Any CPU
		Release|Any CPU = Release|Any CPU
	EndGlobalSection
	GlobalSection(ProjectConfigurationPlatforms) = postSolution
		{C034D515-28F6-4CB3-BC87-544F8471F77D}.Debug|Any CPU.ActiveCfg = Debug|Any CPU
		{C034D515-28F6-4CB3-BC87-544F8471F77D}.Debug|Any CPU.Build.0 = Debug|Any CPU
		{C034D515-28F6-4CB3-BC87-544F8471F77D}.Release|Any CPU.ActiveCfg = Release|Any CPU
		{C034D515-28F6-4CB3-BC87-544F8471F77D}.Release|Any CPU.Build.0 = Release|Any CPU
	EndGlobalSection
	GlobalSection(SolutionProperties) = preSolution
		HideSolutionNode = FALSE
	EndGlobalSection
	GlobalSection(ExtensibilityGlobals) = postSolution
		SolutionGuid = {304D2B43-8EE9-4294-8BBA-999CA685E8DC}
	EndGlobalSection
EndGlobal
